// !$*UTF8*$!
{
	archiveVersion = 1;
	classes = {
	};
	objectVersion = 50;
	objects = {

/* Begin PBXBuildFile section */
		FB22226024918F18007FF2E8 /* AppDelegate.swift in Sources */ = {isa = PBXBuildFile; fileRef = FB22225F24918F18007FF2E8 /* AppDelegate.swift */; };
		FB22226224918F18007FF2E8 /* SceneDelegate.swift in Sources */ = {isa = PBXBuildFile; fileRef = FB22226124918F18007FF2E8 /* SceneDelegate.swift */; };
		FB22226424918F18007FF2E8 /* SearchBarEmbededViewController.swift in Sources */ = {isa = PBXBuildFile; fileRef = FB22226324918F18007FF2E8 /* SearchBarEmbededViewController.swift */; };
		FB22226724918F19007FF2E8 /* Search.storyboard in Resources */ = {isa = PBXBuildFile; fileRef = FB22226524918F19007FF2E8 /* Search.storyboard */; };
		FB22226924918F22007FF2E8 /* Assets.xcassets in Resources */ = {isa = PBXBuildFile; fileRef = FB22226824918F22007FF2E8 /* Assets.xcassets */; };
		FB22226C24918F22007FF2E8 /* LaunchScreen.storyboard in Resources */ = {isa = PBXBuildFile; fileRef = FB22226A24918F22007FF2E8 /* LaunchScreen.storyboard */; };
		FB22228224919099007FF2E8 /* TextSearcherTests.swift in Sources */ = {isa = PBXBuildFile; fileRef = FB22228124919099007FF2E8 /* TextSearcherTests.swift */; };
		FB2222842491918A007FF2E8 /* SearchTask.swift in Sources */ = {isa = PBXBuildFile; fileRef = FB2222832491918A007FF2E8 /* SearchTask.swift */; };
		FB30C3AB24954858006732BB /* PresentableProductsTableViewController+SearchItemsFromNetworkGivenASearchTermDelegate.swift in Sources */ = {isa = PBXBuildFile; fileRef = FB30C3AA24954858006732BB /* PresentableProductsTableViewController+SearchItemsFromNetworkGivenASearchTermDelegate.swift */; };
		FB6FE99C2497F6C600B7C986 /* DetailScreenViewController.swift in Sources */ = {isa = PBXBuildFile; fileRef = FB6FE99B2497F6C600B7C986 /* DetailScreenViewController.swift */; };
		FB6FE99E2497F73800B7C986 /* DetailScreen.storyboard in Resources */ = {isa = PBXBuildFile; fileRef = FB6FE99D2497F73800B7C986 /* DetailScreen.storyboard */; };
		FB88B70B2495B58700C63E9E /* ThrotleSearch.swift in Sources */ = {isa = PBXBuildFile; fileRef = FB88B70A2495B58700C63E9E /* ThrotleSearch.swift */; };
		FB88B70E2495B5D200C63E9E /* NetworkSearchingTrafficDelegate.swift in Sources */ = {isa = PBXBuildFile; fileRef = FB88B70D2495B5D200C63E9E /* NetworkSearchingTrafficDelegate.swift */; };
		FB88B7132495B60F00C63E9E /* SearchingTrafficDelegate.swift in Sources */ = {isa = PBXBuildFile; fileRef = FB88B7122495B60F00C63E9E /* SearchingTrafficDelegate.swift */; };
		FB88B7162495B67100C63E9E /* NetworkSearchingTraffic.swift in Sources */ = {isa = PBXBuildFile; fileRef = FB88B7152495B67100C63E9E /* NetworkSearchingTraffic.swift */; };
		FB88B7182495B82400C63E9E /* EmptyMessage.xib in Resources */ = {isa = PBXBuildFile; fileRef = FB88B7172495B82300C63E9E /* EmptyMessage.xib */; };
		FB88B71A2495B88200C63E9E /* EmptyMessage.swift in Sources */ = {isa = PBXBuildFile; fileRef = FB88B7192495B88200C63E9E /* EmptyMessage.swift */; };
		FB93DEAC2496F03D0026D32E /* RouterTests.swift in Sources */ = {isa = PBXBuildFile; fileRef = FB93DEAB2496F03C0026D32E /* RouterTests.swift */; };
		FB93DEB22496F06B0026D32E /* GoToDetail.swift in Sources */ = {isa = PBXBuildFile; fileRef = FB93DEAF2496F06B0026D32E /* GoToDetail.swift */; };
		FB93DEB32496F06B0026D32E /* GoToItemProtocol.swift in Sources */ = {isa = PBXBuildFile; fileRef = FB93DEB12496F06B0026D32E /* GoToItemProtocol.swift */; };
		FB93DEB62496F0910026D32E /* GetSelectableObjectProtocol.swift in Sources */ = {isa = PBXBuildFile; fileRef = FB93DEB42496F0900026D32E /* GetSelectableObjectProtocol.swift */; };
		FB93DEB72496F0910026D32E /* SelectableProtocol.swift in Sources */ = {isa = PBXBuildFile; fileRef = FB93DEB52496F0910026D32E /* SelectableProtocol.swift */; };
		FB99915E2491AC5E00F83DFB /* SearcherProtocol.swift in Sources */ = {isa = PBXBuildFile; fileRef = FB99915D2491AC5E00F83DFB /* SearcherProtocol.swift */; };
		FB9991602491ACB100F83DFB /* ItemSearcherService.swift in Sources */ = {isa = PBXBuildFile; fileRef = FB99915F2491ACB100F83DFB /* ItemSearcherService.swift */; };
		FB9991652491AEFA00F83DFB /* ItemHolderProtocol.swift in Sources */ = {isa = PBXBuildFile; fileRef = FB9991642491AEFA00F83DFB /* ItemHolderProtocol.swift */; };
		FB9991672491AF0E00F83DFB /* SearcherTermDelegate.swift in Sources */ = {isa = PBXBuildFile; fileRef = FB9991662491AF0E00F83DFB /* SearcherTermDelegate.swift */; };
		FB9991692491AF1D00F83DFB /* SearcherTermError.swift in Sources */ = {isa = PBXBuildFile; fileRef = FB9991682491AF1D00F83DFB /* SearcherTermError.swift */; };
		FB99916C2491C3FB00F83DFB /* SearchBarResultsUpdating.swift in Sources */ = {isa = PBXBuildFile; fileRef = FB99916B2491C3FB00F83DFB /* SearchBarResultsUpdating.swift */; };
		FB9991722491C54D00F83DFB /* SearchControllerFactoryOptions.swift in Sources */ = {isa = PBXBuildFile; fileRef = FB9991712491C54D00F83DFB /* SearchControllerFactoryOptions.swift */; };
		FB9991742491C56800F83DFB /* SearchControllerFactory.swift in Sources */ = {isa = PBXBuildFile; fileRef = FB9991732491C56800F83DFB /* SearchControllerFactory.swift */; };
		FB9991792491C7E400F83DFB /* ViewControllerWithSearchBarFactoryOptions.swift in Sources */ = {isa = PBXBuildFile; fileRef = FB9991782491C7E400F83DFB /* ViewControllerWithSearchBarFactoryOptions.swift */; };
		FB99917B2491C99400F83DFB /* ViewControllerWithSearchFactory.swift in Sources */ = {isa = PBXBuildFile; fileRef = FB99917A2491C99400F83DFB /* ViewControllerWithSearchFactory.swift */; };
		FB99917E2491CCF600F83DFB /* ProductProtocol.swift in Sources */ = {isa = PBXBuildFile; fileRef = FB99917D2491CCF600F83DFB /* ProductProtocol.swift */; };
		FB9991862491CD7700F83DFB /* ProductManager.swift in Sources */ = {isa = PBXBuildFile; fileRef = FB9991852491CD7700F83DFB /* ProductManager.swift */; };
		FB9991892491CED000F83DFB /* SearchBarEmbededViewController+SearcherTermDelegate.swift in Sources */ = {isa = PBXBuildFile; fileRef = FB9991882491CED000F83DFB /* SearchBarEmbededViewController+SearcherTermDelegate.swift */; };
		FB99918D2491D05A00F83DFB /* SearchItemsGivenAUrl.swift in Sources */ = {isa = PBXBuildFile; fileRef = FB99918C2491D05A00F83DFB /* SearchItemsGivenAUrl.swift */; };
		FB99918F2491D0EE00F83DFB /* GetProductsUrlMaker.swift in Sources */ = {isa = PBXBuildFile; fileRef = FB99918E2491D0EE00F83DFB /* GetProductsUrlMaker.swift */; };
		FB9991962491D40500F83DFB /* JsonParser.swift in Sources */ = {isa = PBXBuildFile; fileRef = FB9991932491D40400F83DFB /* JsonParser.swift */; };
		FB9991972491D40500F83DFB /* ParserProtocol.swift in Sources */ = {isa = PBXBuildFile; fileRef = FB9991952491D40400F83DFB /* ParserProtocol.swift */; };
		FB9991992491D50300F83DFB /* SearchItemsFromNetworkGivenASearchTermDelegate.swift in Sources */ = {isa = PBXBuildFile; fileRef = FB9991982491D50300F83DFB /* SearchItemsFromNetworkGivenASearchTermDelegate.swift */; };
		FB9E6F2C2493F5C300996BEA /* PresentableProductsTableViewController.swift in Sources */ = {isa = PBXBuildFile; fileRef = FB9E6F2B2493F5C300996BEA /* PresentableProductsTableViewController.swift */; };
		FB9E6F32249407A600996BEA /* ProductManager+ListOfProductsPrensenterModelProtocol.swift in Sources */ = {isa = PBXBuildFile; fileRef = FB9E6F31249407A600996BEA /* ProductManager+ListOfProductsPrensenterModelProtocol.swift */; };
		FB9E6F34249411D300996BEA /* PresentableProductsTableViewController+SearchingTrafficDelegate.swift in Sources */ = {isa = PBXBuildFile; fileRef = FB9E6F33249411D300996BEA /* PresentableProductsTableViewController+SearchingTrafficDelegate.swift */; };
		FB9E6F3724941DD500996BEA /* ImageViewWithTitleTableViewCell.xib in Resources */ = {isa = PBXBuildFile; fileRef = FB9E6F3524941DD500996BEA /* ImageViewWithTitleTableViewCell.xib */; };
		FB9E6F3924941E2300996BEA /* ImageViewWithTitleTableViewCell.swift in Sources */ = {isa = PBXBuildFile; fileRef = FB9E6F3824941E2300996BEA /* ImageViewWithTitleTableViewCell.swift */; };
		FB9E6F3E24942D9300996BEA /* SearcherTermMediator+Extension.swift in Sources */ = {isa = PBXBuildFile; fileRef = FB9E6F3D24942D9300996BEA /* SearcherTermMediator+Extension.swift */; };
		FB9E6F4024942D9B00996BEA /* SearcherTermMediator.swift in Sources */ = {isa = PBXBuildFile; fileRef = FB9E6F3F24942D9B00996BEA /* SearcherTermMediator.swift */; };
		FB9E6F4224942DD600996BEA /* BroadcastSearcherTermDelegateMessages.swift in Sources */ = {isa = PBXBuildFile; fileRef = FB9E6F4124942DD600996BEA /* BroadcastSearcherTermDelegateMessages.swift */; };
		FB9E6F462494420400996BEA /* SearchItemsGivenAUrl+SearcherTermDelegate.swift in Sources */ = {isa = PBXBuildFile; fileRef = FB9E6F452494420400996BEA /* SearchItemsGivenAUrl+SearcherTermDelegate.swift */; };
		FBDCB90B2491DAC000A9B85B /* WebServiceErrors.swift in Sources */ = {isa = PBXBuildFile; fileRef = FBDCB90A2491DAC000A9B85B /* WebServiceErrors.swift */; };
		FBDCB9182491DED700A9B85B /* MercadoLibreURLFactory.swift in Sources */ = {isa = PBXBuildFile; fileRef = FBDCB9172491DED700A9B85B /* MercadoLibreURLFactory.swift */; };
		FBDCB91C2491E2D200A9B85B /* MercadoLibreUrlError.swift in Sources */ = {isa = PBXBuildFile; fileRef = FBDCB91B2491E2D200A9B85B /* MercadoLibreUrlError.swift */; };
		FBDCB91E2491E3CE00A9B85B /* MercadoLibreListingProduct.swift in Sources */ = {isa = PBXBuildFile; fileRef = FBDCB91D2491E3CE00A9B85B /* MercadoLibreListingProduct.swift */; };
		FBDCB92224926CF400A9B85B /* MercadoLibreListingProduct+Decodable.swift in Sources */ = {isa = PBXBuildFile; fileRef = FBDCB92124926CF400A9B85B /* MercadoLibreListingProduct+Decodable.swift */; };
		FBDCB92424926E4300A9B85B /* MercadoLibreListingProduct+ProductProtocol.swift in Sources */ = {isa = PBXBuildFile; fileRef = FBDCB92324926E4300A9B85B /* MercadoLibreListingProduct+ProductProtocol.swift */; };
		FBDCB92824927ED300A9B85B /* MercadolibreGetParser.swift in Sources */ = {isa = PBXBuildFile; fileRef = FBDCB92724927ED300A9B85B /* MercadolibreGetParser.swift */; };
		FBDCB92A24927FB800A9B85B /* MercadoLibreGetServiceModel.swift in Sources */ = {isa = PBXBuildFile; fileRef = FBDCB92924927FB800A9B85B /* MercadoLibreGetServiceModel.swift */; };
		FBDCB92C2492800200A9B85B /* MercadoLibreGetServiceModel+Decodable.swift in Sources */ = {isa = PBXBuildFile; fileRef = FBDCB92B2492800200A9B85B /* MercadoLibreGetServiceModel+Decodable.swift */; };
		FBE5C2082493DF0800525C8E /* DownSampler.swift in Sources */ = {isa = PBXBuildFile; fileRef = FBE5C2072493DF0700525C8E /* DownSampler.swift */; };
		FBE5C20D2493EECD00525C8E /* ObserverProtocol.swift in Sources */ = {isa = PBXBuildFile; fileRef = FBE5C20C2493EECD00525C8E /* ObserverProtocol.swift */; };
		FBE5C20F2493EEED00525C8E /* ObservableProtocol.swift in Sources */ = {isa = PBXBuildFile; fileRef = FBE5C20E2493EEED00525C8E /* ObservableProtocol.swift */; };
		FBE5C2112493EF1D00525C8E /* ViewDataProductProtocol.swift in Sources */ = {isa = PBXBuildFile; fileRef = FBE5C2102493EF1D00525C8E /* ViewDataProductProtocol.swift */; };
		FBE5C2132493EF2D00525C8E /* ListsOfViewDataProducts.swift in Sources */ = {isa = PBXBuildFile; fileRef = FBE5C2122493EF2D00525C8E /* ListsOfViewDataProducts.swift */; };
		FBE5C2152493EF4800525C8E /* ProductCellViewData.swift in Sources */ = {isa = PBXBuildFile; fileRef = FBE5C2142493EF4800525C8E /* ProductCellViewData.swift */; };
		FBE5C2172493EF5A00525C8E /* ListOfProductsPrensenterModelProtocol.swift in Sources */ = {isa = PBXBuildFile; fileRef = FBE5C2162493EF5A00525C8E /* ListOfProductsPrensenterModelProtocol.swift */; };
		FBE5C2192493EF6C00525C8E /* ListOfProductsPrensenterProtocol.swift in Sources */ = {isa = PBXBuildFile; fileRef = FBE5C2182493EF6C00525C8E /* ListOfProductsPrensenterProtocol.swift */; };
		FBE5C21B2493EFBD00525C8E /* ListOfProductsPrensenter+IObserver.swift in Sources */ = {isa = PBXBuildFile; fileRef = FBE5C21A2493EFBD00525C8E /* ListOfProductsPrensenter+IObserver.swift */; };
		FBF58A502492AF0300B0073A /* ItemsPresenterTests.swift in Sources */ = {isa = PBXBuildFile; fileRef = FBF58A4F2492AF0300B0073A /* ItemsPresenterTests.swift */; };
		FBF58A552492B07B00B0073A /* ProductListPresenter.swift in Sources */ = {isa = PBXBuildFile; fileRef = FBF58A542492B07B00B0073A /* ProductListPresenter.swift */; };
/* End PBXBuildFile section */

/* Begin PBXContainerItemProxy section */
		FB22227324918F22007FF2E8 /* PBXContainerItemProxy */ = {
			isa = PBXContainerItemProxy;
			containerPortal = FB22225424918F18007FF2E8 /* Project object */;
			proxyType = 1;
			remoteGlobalIDString = FB22225B24918F18007FF2E8;
			remoteInfo = MercadoLibreListing;
		};
/* End PBXContainerItemProxy section */

/* Begin PBXFileReference section */
		FB22225C24918F18007FF2E8 /* MercadoLibreListing.app */ = {isa = PBXFileReference; explicitFileType = wrapper.application; includeInIndex = 0; path = MercadoLibreListing.app; sourceTree = BUILT_PRODUCTS_DIR; };
		FB22225F24918F18007FF2E8 /* AppDelegate.swift */ = {isa = PBXFileReference; lastKnownFileType = sourcecode.swift; path = AppDelegate.swift; sourceTree = "<group>"; };
		FB22226124918F18007FF2E8 /* SceneDelegate.swift */ = {isa = PBXFileReference; lastKnownFileType = sourcecode.swift; path = SceneDelegate.swift; sourceTree = "<group>"; };
		FB22226324918F18007FF2E8 /* SearchBarEmbededViewController.swift */ = {isa = PBXFileReference; lastKnownFileType = sourcecode.swift; path = SearchBarEmbededViewController.swift; sourceTree = "<group>"; };
		FB22226624918F19007FF2E8 /* Base */ = {isa = PBXFileReference; lastKnownFileType = file.storyboard; name = Base; path = Base.lproj/Search.storyboard; sourceTree = "<group>"; };
		FB22226824918F22007FF2E8 /* Assets.xcassets */ = {isa = PBXFileReference; lastKnownFileType = folder.assetcatalog; path = Assets.xcassets; sourceTree = "<group>"; };
		FB22226B24918F22007FF2E8 /* Base */ = {isa = PBXFileReference; lastKnownFileType = file.storyboard; name = Base; path = Base.lproj/LaunchScreen.storyboard; sourceTree = "<group>"; };
		FB22226D24918F22007FF2E8 /* Info.plist */ = {isa = PBXFileReference; lastKnownFileType = text.plist.xml; path = Info.plist; sourceTree = "<group>"; };
		FB22227224918F22007FF2E8 /* MercadoLibreListingTests.xctest */ = {isa = PBXFileReference; explicitFileType = wrapper.cfbundle; includeInIndex = 0; path = MercadoLibreListingTests.xctest; sourceTree = BUILT_PRODUCTS_DIR; };
		FB22227824918F22007FF2E8 /* Info.plist */ = {isa = PBXFileReference; lastKnownFileType = text.plist.xml; path = Info.plist; sourceTree = "<group>"; };
		FB22228124919099007FF2E8 /* TextSearcherTests.swift */ = {isa = PBXFileReference; lastKnownFileType = sourcecode.swift; path = TextSearcherTests.swift; sourceTree = "<group>"; };
		FB2222832491918A007FF2E8 /* SearchTask.swift */ = {isa = PBXFileReference; lastKnownFileType = sourcecode.swift; path = SearchTask.swift; sourceTree = "<group>"; };
		FB30C3AA24954858006732BB /* PresentableProductsTableViewController+SearchItemsFromNetworkGivenASearchTermDelegate.swift */ = {isa = PBXFileReference; lastKnownFileType = sourcecode.swift; path = "PresentableProductsTableViewController+SearchItemsFromNetworkGivenASearchTermDelegate.swift"; sourceTree = "<group>"; };
		FB6FE99B2497F6C600B7C986 /* DetailScreenViewController.swift */ = {isa = PBXFileReference; lastKnownFileType = sourcecode.swift; path = DetailScreenViewController.swift; sourceTree = "<group>"; };
		FB6FE99D2497F73800B7C986 /* DetailScreen.storyboard */ = {isa = PBXFileReference; lastKnownFileType = file.storyboard; path = DetailScreen.storyboard; sourceTree = "<group>"; };
		FB88B70A2495B58700C63E9E /* ThrotleSearch.swift */ = {isa = PBXFileReference; lastKnownFileType = sourcecode.swift; path = ThrotleSearch.swift; sourceTree = "<group>"; };
		FB88B70D2495B5D200C63E9E /* NetworkSearchingTrafficDelegate.swift */ = {isa = PBXFileReference; lastKnownFileType = sourcecode.swift; path = NetworkSearchingTrafficDelegate.swift; sourceTree = "<group>"; };
		FB88B7122495B60F00C63E9E /* SearchingTrafficDelegate.swift */ = {isa = PBXFileReference; lastKnownFileType = sourcecode.swift; path = SearchingTrafficDelegate.swift; sourceTree = "<group>"; };
		FB88B7152495B67100C63E9E /* NetworkSearchingTraffic.swift */ = {isa = PBXFileReference; lastKnownFileType = sourcecode.swift; path = NetworkSearchingTraffic.swift; sourceTree = "<group>"; };
		FB88B7172495B82300C63E9E /* EmptyMessage.xib */ = {isa = PBXFileReference; lastKnownFileType = file.xib; path = EmptyMessage.xib; sourceTree = "<group>"; };
		FB88B7192495B88200C63E9E /* EmptyMessage.swift */ = {isa = PBXFileReference; lastKnownFileType = sourcecode.swift; path = EmptyMessage.swift; sourceTree = "<group>"; };
		FB93DEAB2496F03C0026D32E /* RouterTests.swift */ = {isa = PBXFileReference; fileEncoding = 4; lastKnownFileType = sourcecode.swift; path = RouterTests.swift; sourceTree = "<group>"; };
		FB93DEAF2496F06B0026D32E /* GoToDetail.swift */ = {isa = PBXFileReference; fileEncoding = 4; lastKnownFileType = sourcecode.swift; path = GoToDetail.swift; sourceTree = "<group>"; };
		FB93DEB12496F06B0026D32E /* GoToItemProtocol.swift */ = {isa = PBXFileReference; fileEncoding = 4; lastKnownFileType = sourcecode.swift; path = GoToItemProtocol.swift; sourceTree = "<group>"; };
		FB93DEB42496F0900026D32E /* GetSelectableObjectProtocol.swift */ = {isa = PBXFileReference; fileEncoding = 4; lastKnownFileType = sourcecode.swift; path = GetSelectableObjectProtocol.swift; sourceTree = "<group>"; };
		FB93DEB52496F0910026D32E /* SelectableProtocol.swift */ = {isa = PBXFileReference; fileEncoding = 4; lastKnownFileType = sourcecode.swift; path = SelectableProtocol.swift; sourceTree = "<group>"; };
		FB99915D2491AC5E00F83DFB /* SearcherProtocol.swift */ = {isa = PBXFileReference; lastKnownFileType = sourcecode.swift; path = SearcherProtocol.swift; sourceTree = "<group>"; };
		FB99915F2491ACB100F83DFB /* ItemSearcherService.swift */ = {isa = PBXFileReference; lastKnownFileType = sourcecode.swift; path = ItemSearcherService.swift; sourceTree = "<group>"; };
		FB9991642491AEFA00F83DFB /* ItemHolderProtocol.swift */ = {isa = PBXFileReference; lastKnownFileType = sourcecode.swift; path = ItemHolderProtocol.swift; sourceTree = "<group>"; };
		FB9991662491AF0E00F83DFB /* SearcherTermDelegate.swift */ = {isa = PBXFileReference; lastKnownFileType = sourcecode.swift; path = SearcherTermDelegate.swift; sourceTree = "<group>"; };
		FB9991682491AF1D00F83DFB /* SearcherTermError.swift */ = {isa = PBXFileReference; lastKnownFileType = sourcecode.swift; path = SearcherTermError.swift; sourceTree = "<group>"; };
		FB99916B2491C3FB00F83DFB /* SearchBarResultsUpdating.swift */ = {isa = PBXFileReference; lastKnownFileType = sourcecode.swift; path = SearchBarResultsUpdating.swift; sourceTree = "<group>"; };
		FB9991712491C54D00F83DFB /* SearchControllerFactoryOptions.swift */ = {isa = PBXFileReference; lastKnownFileType = sourcecode.swift; path = SearchControllerFactoryOptions.swift; sourceTree = "<group>"; };
		FB9991732491C56800F83DFB /* SearchControllerFactory.swift */ = {isa = PBXFileReference; lastKnownFileType = sourcecode.swift; path = SearchControllerFactory.swift; sourceTree = "<group>"; };
		FB9991782491C7E400F83DFB /* ViewControllerWithSearchBarFactoryOptions.swift */ = {isa = PBXFileReference; lastKnownFileType = sourcecode.swift; path = ViewControllerWithSearchBarFactoryOptions.swift; sourceTree = "<group>"; };
		FB99917A2491C99400F83DFB /* ViewControllerWithSearchFactory.swift */ = {isa = PBXFileReference; lastKnownFileType = sourcecode.swift; path = ViewControllerWithSearchFactory.swift; sourceTree = "<group>"; };
		FB99917D2491CCF600F83DFB /* ProductProtocol.swift */ = {isa = PBXFileReference; lastKnownFileType = sourcecode.swift; path = ProductProtocol.swift; sourceTree = "<group>"; };
		FB9991852491CD7700F83DFB /* ProductManager.swift */ = {isa = PBXFileReference; lastKnownFileType = sourcecode.swift; path = ProductManager.swift; sourceTree = "<group>"; };
		FB9991882491CED000F83DFB /* SearchBarEmbededViewController+SearcherTermDelegate.swift */ = {isa = PBXFileReference; lastKnownFileType = sourcecode.swift; path = "SearchBarEmbededViewController+SearcherTermDelegate.swift"; sourceTree = "<group>"; };
		FB99918C2491D05A00F83DFB /* SearchItemsGivenAUrl.swift */ = {isa = PBXFileReference; lastKnownFileType = sourcecode.swift; path = SearchItemsGivenAUrl.swift; sourceTree = "<group>"; };
		FB99918E2491D0EE00F83DFB /* GetProductsUrlMaker.swift */ = {isa = PBXFileReference; lastKnownFileType = sourcecode.swift; path = GetProductsUrlMaker.swift; sourceTree = "<group>"; };
		FB9991932491D40400F83DFB /* JsonParser.swift */ = {isa = PBXFileReference; fileEncoding = 4; lastKnownFileType = sourcecode.swift; path = JsonParser.swift; sourceTree = "<group>"; };
		FB9991952491D40400F83DFB /* ParserProtocol.swift */ = {isa = PBXFileReference; fileEncoding = 4; lastKnownFileType = sourcecode.swift; path = ParserProtocol.swift; sourceTree = "<group>"; };
		FB9991982491D50300F83DFB /* SearchItemsFromNetworkGivenASearchTermDelegate.swift */ = {isa = PBXFileReference; lastKnownFileType = sourcecode.swift; path = SearchItemsFromNetworkGivenASearchTermDelegate.swift; sourceTree = "<group>"; };
		FB9E6F2B2493F5C300996BEA /* PresentableProductsTableViewController.swift */ = {isa = PBXFileReference; lastKnownFileType = sourcecode.swift; path = PresentableProductsTableViewController.swift; sourceTree = "<group>"; };
		FB9E6F31249407A600996BEA /* ProductManager+ListOfProductsPrensenterModelProtocol.swift */ = {isa = PBXFileReference; lastKnownFileType = sourcecode.swift; path = "ProductManager+ListOfProductsPrensenterModelProtocol.swift"; sourceTree = "<group>"; };
		FB9E6F33249411D300996BEA /* PresentableProductsTableViewController+SearchingTrafficDelegate.swift */ = {isa = PBXFileReference; lastKnownFileType = sourcecode.swift; path = "PresentableProductsTableViewController+SearchingTrafficDelegate.swift"; sourceTree = "<group>"; };
		FB9E6F3624941DD500996BEA /* Base */ = {isa = PBXFileReference; lastKnownFileType = file.xib; name = Base; path = MercadoLibreListing/Base.lproj/ImageViewWithTitleTableViewCell.xib; sourceTree = SOURCE_ROOT; };
		FB9E6F3824941E2300996BEA /* ImageViewWithTitleTableViewCell.swift */ = {isa = PBXFileReference; lastKnownFileType = sourcecode.swift; path = ImageViewWithTitleTableViewCell.swift; sourceTree = "<group>"; };
		FB9E6F3D24942D9300996BEA /* SearcherTermMediator+Extension.swift */ = {isa = PBXFileReference; lastKnownFileType = sourcecode.swift; path = "SearcherTermMediator+Extension.swift"; sourceTree = "<group>"; };
		FB9E6F3F24942D9B00996BEA /* SearcherTermMediator.swift */ = {isa = PBXFileReference; lastKnownFileType = sourcecode.swift; path = SearcherTermMediator.swift; sourceTree = "<group>"; };
		FB9E6F4124942DD600996BEA /* BroadcastSearcherTermDelegateMessages.swift */ = {isa = PBXFileReference; lastKnownFileType = sourcecode.swift; path = BroadcastSearcherTermDelegateMessages.swift; sourceTree = "<group>"; };
		FB9E6F452494420400996BEA /* SearchItemsGivenAUrl+SearcherTermDelegate.swift */ = {isa = PBXFileReference; lastKnownFileType = sourcecode.swift; path = "SearchItemsGivenAUrl+SearcherTermDelegate.swift"; sourceTree = "<group>"; };
		FBDCB90A2491DAC000A9B85B /* WebServiceErrors.swift */ = {isa = PBXFileReference; fileEncoding = 4; lastKnownFileType = sourcecode.swift; path = WebServiceErrors.swift; sourceTree = "<group>"; };
		FBDCB9172491DED700A9B85B /* MercadoLibreURLFactory.swift */ = {isa = PBXFileReference; lastKnownFileType = sourcecode.swift; path = MercadoLibreURLFactory.swift; sourceTree = "<group>"; };
		FBDCB91B2491E2D200A9B85B /* MercadoLibreUrlError.swift */ = {isa = PBXFileReference; lastKnownFileType = sourcecode.swift; path = MercadoLibreUrlError.swift; sourceTree = "<group>"; };
		FBDCB91D2491E3CE00A9B85B /* MercadoLibreListingProduct.swift */ = {isa = PBXFileReference; lastKnownFileType = sourcecode.swift; path = MercadoLibreListingProduct.swift; sourceTree = "<group>"; };
		FBDCB92124926CF400A9B85B /* MercadoLibreListingProduct+Decodable.swift */ = {isa = PBXFileReference; lastKnownFileType = sourcecode.swift; path = "MercadoLibreListingProduct+Decodable.swift"; sourceTree = "<group>"; };
		FBDCB92324926E4300A9B85B /* MercadoLibreListingProduct+ProductProtocol.swift */ = {isa = PBXFileReference; lastKnownFileType = sourcecode.swift; path = "MercadoLibreListingProduct+ProductProtocol.swift"; sourceTree = "<group>"; };
		FBDCB92724927ED300A9B85B /* MercadolibreGetParser.swift */ = {isa = PBXFileReference; lastKnownFileType = sourcecode.swift; path = MercadolibreGetParser.swift; sourceTree = "<group>"; };
		FBDCB92924927FB800A9B85B /* MercadoLibreGetServiceModel.swift */ = {isa = PBXFileReference; lastKnownFileType = sourcecode.swift; path = MercadoLibreGetServiceModel.swift; sourceTree = "<group>"; };
		FBDCB92B2492800200A9B85B /* MercadoLibreGetServiceModel+Decodable.swift */ = {isa = PBXFileReference; lastKnownFileType = sourcecode.swift; path = "MercadoLibreGetServiceModel+Decodable.swift"; sourceTree = "<group>"; };
		FBE5C2072493DF0700525C8E /* DownSampler.swift */ = {isa = PBXFileReference; fileEncoding = 4; lastKnownFileType = sourcecode.swift; path = DownSampler.swift; sourceTree = "<group>"; };
		FBE5C20C2493EECD00525C8E /* ObserverProtocol.swift */ = {isa = PBXFileReference; lastKnownFileType = sourcecode.swift; path = ObserverProtocol.swift; sourceTree = "<group>"; };
		FBE5C20E2493EEED00525C8E /* ObservableProtocol.swift */ = {isa = PBXFileReference; lastKnownFileType = sourcecode.swift; path = ObservableProtocol.swift; sourceTree = "<group>"; };
		FBE5C2102493EF1D00525C8E /* ViewDataProductProtocol.swift */ = {isa = PBXFileReference; lastKnownFileType = sourcecode.swift; path = ViewDataProductProtocol.swift; sourceTree = "<group>"; };
		FBE5C2122493EF2D00525C8E /* ListsOfViewDataProducts.swift */ = {isa = PBXFileReference; lastKnownFileType = sourcecode.swift; path = ListsOfViewDataProducts.swift; sourceTree = "<group>"; };
		FBE5C2142493EF4800525C8E /* ProductCellViewData.swift */ = {isa = PBXFileReference; lastKnownFileType = sourcecode.swift; path = ProductCellViewData.swift; sourceTree = "<group>"; };
		FBE5C2162493EF5A00525C8E /* ListOfProductsPrensenterModelProtocol.swift */ = {isa = PBXFileReference; lastKnownFileType = sourcecode.swift; path = ListOfProductsPrensenterModelProtocol.swift; sourceTree = "<group>"; };
		FBE5C2182493EF6C00525C8E /* ListOfProductsPrensenterProtocol.swift */ = {isa = PBXFileReference; lastKnownFileType = sourcecode.swift; path = ListOfProductsPrensenterProtocol.swift; sourceTree = "<group>"; };
		FBE5C21A2493EFBD00525C8E /* ListOfProductsPrensenter+IObserver.swift */ = {isa = PBXFileReference; lastKnownFileType = sourcecode.swift; path = "ListOfProductsPrensenter+IObserver.swift"; sourceTree = "<group>"; };
		FBF58A4F2492AF0300B0073A /* ItemsPresenterTests.swift */ = {isa = PBXFileReference; lastKnownFileType = sourcecode.swift; path = ItemsPresenterTests.swift; sourceTree = "<group>"; };
		FBF58A542492B07B00B0073A /* ProductListPresenter.swift */ = {isa = PBXFileReference; lastKnownFileType = sourcecode.swift; path = ProductListPresenter.swift; sourceTree = "<group>"; };
/* End PBXFileReference section */

/* Begin PBXFrameworksBuildPhase section */
		FB22225924918F18007FF2E8 /* Frameworks */ = {
			isa = PBXFrameworksBuildPhase;
			buildActionMask = 2147483647;
			files = (
			);
			runOnlyForDeploymentPostprocessing = 0;
		};
		FB22226F24918F22007FF2E8 /* Frameworks */ = {
			isa = PBXFrameworksBuildPhase;
			buildActionMask = 2147483647;
			files = (
			);
			runOnlyForDeploymentPostprocessing = 0;
		};
/* End PBXFrameworksBuildPhase section */

/* Begin PBXGroup section */
		FB22225324918F18007FF2E8 = {
			isa = PBXGroup;
			children = (
				FB22225E24918F18007FF2E8 /* MercadoLibreListing */,
				FB22227524918F22007FF2E8 /* MercadoLibreListingTests */,
				FB22225D24918F18007FF2E8 /* Products */,
			);
			sourceTree = "<group>";
		};
		FB22225D24918F18007FF2E8 /* Products */ = {
			isa = PBXGroup;
			children = (
				FB22225C24918F18007FF2E8 /* MercadoLibreListing.app */,
				FB22227224918F22007FF2E8 /* MercadoLibreListingTests.xctest */,
			);
			name = Products;
			sourceTree = "<group>";
		};
		FB22225E24918F18007FF2E8 /* MercadoLibreListing */ = {
			isa = PBXGroup;
			children = (
				FB6FE9982497F63200B7C986 /* CreatesADetailScreenWithSomeOptions */,
				FB93DEAD2496F06B0026D32E /* ASelectableItemThatDelegateRouterNavigationWhenSelected */,
				FB93DEAA2496F00F0026D32E /* Router */,
				FB93DEA92496EFEC0026D32E /* FirstScreen */,
				FB22225F24918F18007FF2E8 /* AppDelegate.swift */,
				FB22226124918F18007FF2E8 /* SceneDelegate.swift */,
				FB22226824918F22007FF2E8 /* Assets.xcassets */,
				FB22226A24918F22007FF2E8 /* LaunchScreen.storyboard */,
				FB22226D24918F22007FF2E8 /* Info.plist */,
			);
			path = MercadoLibreListing;
			sourceTree = "<group>";
		};
		FB22227524918F22007FF2E8 /* MercadoLibreListingTests */ = {
			isa = PBXGroup;
			children = (
				FB22227824918F22007FF2E8 /* Info.plist */,
				FB93DEAB2496F03C0026D32E /* RouterTests.swift */,
				FB22228124919099007FF2E8 /* TextSearcherTests.swift */,
				FBF58A4F2492AF0300B0073A /* ItemsPresenterTests.swift */,
			);
			path = MercadoLibreListingTests;
			sourceTree = "<group>";
		};
		FB2222852491918D007FF2E8 /* SearchesItemsFromAGivenServiceImplementsSearcherProtocol */ = {
			isa = PBXGroup;
			children = (
				FB222287249191A0007FF2E8 /* OpenApis */,
				FB2222862491919B007FF2E8 /* Internals */,
			);
			path = SearchesItemsFromAGivenServiceImplementsSearcherProtocol;
			sourceTree = "<group>";
		};
		FB2222862491919B007FF2E8 /* Internals */ = {
			isa = PBXGroup;
			children = (
				FB2222832491918A007FF2E8 /* SearchTask.swift */,
			);
			path = Internals;
			sourceTree = "<group>";
		};
		FB222287249191A0007FF2E8 /* OpenApis */ = {
			isa = PBXGroup;
			children = (
				FB99915F2491ACB100F83DFB /* ItemSearcherService.swift */,
				FB9991642491AEFA00F83DFB /* ItemHolderProtocol.swift */,
				FB9991662491AF0E00F83DFB /* SearcherTermDelegate.swift */,
				FB9991682491AF1D00F83DFB /* SearcherTermError.swift */,
			);
			path = OpenApis;
			sourceTree = "<group>";
		};
		FB6FE9982497F63200B7C986 /* CreatesADetailScreenWithSomeOptions */ = {
			isa = PBXGroup;
			children = (
				FB6FE99A2497F65000B7C986 /* OpenApis */,
				FB6FE9992497F64C00B7C986 /* Internals */,
			);
			path = CreatesADetailScreenWithSomeOptions;
			sourceTree = "<group>";
		};
		FB6FE9992497F64C00B7C986 /* Internals */ = {
			isa = PBXGroup;
			children = (
				FB6FE99B2497F6C600B7C986 /* DetailScreenViewController.swift */,
				FB6FE99D2497F73800B7C986 /* DetailScreen.storyboard */,
			);
			path = Internals;
			sourceTree = "<group>";
		};
		FB6FE99A2497F65000B7C986 /* OpenApis */ = {
			isa = PBXGroup;
			children = (
			);
			path = OpenApis;
			sourceTree = "<group>";
		};
		FB88B7092495B56F00C63E9E /* ThrotlesASearch */ = {
			isa = PBXGroup;
			children = (
				FB88B7142495B62B00C63E9E /* Internals */,
			);
			path = ThrotlesASearch;
			sourceTree = "<group>";
		};
		FB88B70C2495B5A500C63E9E /* ManagesNetworkSearchingTrafficDelegate */ = {
			isa = PBXGroup;
			children = (
				FB88B70F2495B5F600C63E9E /* OpenApis */,
				FB88B7112495B60200C63E9E /* Internals */,
			);
			path = ManagesNetworkSearchingTrafficDelegate;
			sourceTree = "<group>";
		};
		FB88B70F2495B5F600C63E9E /* OpenApis */ = {
			isa = PBXGroup;
			children = (
				FB88B7122495B60F00C63E9E /* SearchingTrafficDelegate.swift */,
				FB88B7152495B67100C63E9E /* NetworkSearchingTraffic.swift */,
			);
			path = OpenApis;
			sourceTree = "<group>";
		};
		FB88B7112495B60200C63E9E /* Internals */ = {
			isa = PBXGroup;
			children = (
				FB88B70D2495B5D200C63E9E /* NetworkSearchingTrafficDelegate.swift */,
			);
			path = Internals;
			sourceTree = "<group>";
		};
		FB88B7142495B62B00C63E9E /* Internals */ = {
			isa = PBXGroup;
			children = (
				FB88B70A2495B58700C63E9E /* ThrotleSearch.swift */,
			);
			path = Internals;
			sourceTree = "<group>";
		};
		FB88B71B2495BE8800C63E9E /* ProvidesAnEmptyMessage */ = {
			isa = PBXGroup;
			children = (
				FB88B71C2495BE9600C63E9E /* Internals */,
			);
			path = ProvidesAnEmptyMessage;
			sourceTree = "<group>";
		};
		FB88B71C2495BE9600C63E9E /* Internals */ = {
			isa = PBXGroup;
			children = (
				FB88B7172495B82300C63E9E /* EmptyMessage.xib */,
				FB88B7192495B88200C63E9E /* EmptyMessage.swift */,
			);
			path = Internals;
			sourceTree = "<group>";
		};
		FB93DEA92496EFEC0026D32E /* FirstScreen */ = {
			isa = PBXGroup;
			children = (
				FB88B71B2495BE8800C63E9E /* ProvidesAnEmptyMessage */,
				FB88B70C2495B5A500C63E9E /* ManagesNetworkSearchingTrafficDelegate */,
				FB88B7092495B56F00C63E9E /* ThrotlesASearch */,
				FB9E6F3A24942D4A00996BEA /* BroadCastsDelegateSearchTermMessageToSearcherTermDelegates */,
				FB9E6F292493F52B00996BEA /* ProvidesTableViewCellWithAnImageAndATitleLabel */,
				FB9E6F272493F4C400996BEA /* ProvidesATableViewSearchScreenForVisibleProducts */,
				FBE5C2092493EEAA00525C8E /* ProvidesObserversAndObservableProtocols */,
				FBE5C2052493DF0700525C8E /* ProvidesADownSampleGivenAUrlImage */,
				FBF58A512492AFFE00B0073A /* PresentsAListOfPresentableProducts */,
				FBDCB92524927A5A00A9B85B /* ParsesDataFromMercadoLibreServiceToAnArrayOfMercadoLibreListingProduct */,
				FBDCB9192491DF0E00A9B85B /* RepresentsAMercadoLibreListingProduct */,
				FBDCB9152491DE9100A9B85B /* CreatesMercadoLibreUrlsToImplementGetProductsUrlMaker */,
				FB9991912491D40400F83DFB /* ParsersAnyObjectToJsonIfDecodable */,
				FB9991872491CE7B00F83DFB /* ImplementsItemSearcherServiceGivenAGetProductsUrlMaker */,
				FB9991832491CD5C00F83DFB /* ManagesAObservableListOfProductsImplementsItemHolder */,
				FB9991752491C6F000F83DFB /* CreatesViewControllerWithAGivenSearchController */,
				FB99916D2491C51000F83DFB /* CreatesASearchControllerGivenSomeOptions */,
				FB99915B2491AC2F00F83DFB /* ControlsChangesInSarchbarsTextAndDelegatesTheSearch */,
				FB2222852491918D007FF2E8 /* SearchesItemsFromAGivenServiceImplementsSearcherProtocol */,
			);
			path = FirstScreen;
			sourceTree = "<group>";
		};
		FB93DEAA2496F00F0026D32E /* Router */ = {
			isa = PBXGroup;
			children = (
				FB93DEB42496F0900026D32E /* GetSelectableObjectProtocol.swift */,
				FB93DEB52496F0910026D32E /* SelectableProtocol.swift */,
			);
			path = Router;
			sourceTree = "<group>";
		};
		FB93DEAD2496F06B0026D32E /* ASelectableItemThatDelegateRouterNavigationWhenSelected */ = {
			isa = PBXGroup;
			children = (
				FB93DEAE2496F06B0026D32E /* Internals */,
				FB93DEB02496F06B0026D32E /* OpenApis */,
			);
			path = ASelectableItemThatDelegateRouterNavigationWhenSelected;
			sourceTree = "<group>";
		};
		FB93DEAE2496F06B0026D32E /* Internals */ = {
			isa = PBXGroup;
			children = (
				FB93DEAF2496F06B0026D32E /* GoToDetail.swift */,
			);
			path = Internals;
			sourceTree = "<group>";
		};
		FB93DEB02496F06B0026D32E /* OpenApis */ = {
			isa = PBXGroup;
			children = (
				FB93DEB12496F06B0026D32E /* GoToItemProtocol.swift */,
			);
			path = OpenApis;
			sourceTree = "<group>";
		};
		FB99915B2491AC2F00F83DFB /* ControlsChangesInSarchbarsTextAndDelegatesTheSearch */ = {
			isa = PBXGroup;
			children = (
				FB99915C2491AC5000F83DFB /* OpenApis */,
				FB99916A2491C3CF00F83DFB /* Internals */,
			);
			path = ControlsChangesInSarchbarsTextAndDelegatesTheSearch;
			sourceTree = "<group>";
		};
		FB99915C2491AC5000F83DFB /* OpenApis */ = {
			isa = PBXGroup;
			children = (
				FB99915D2491AC5E00F83DFB /* SearcherProtocol.swift */,
			);
			path = OpenApis;
			sourceTree = "<group>";
		};
		FB99916A2491C3CF00F83DFB /* Internals */ = {
			isa = PBXGroup;
			children = (
				FB99916B2491C3FB00F83DFB /* SearchBarResultsUpdating.swift */,
			);
			path = Internals;
			sourceTree = "<group>";
		};
		FB99916D2491C51000F83DFB /* CreatesASearchControllerGivenSomeOptions */ = {
			isa = PBXGroup;
			children = (
				FB99916E2491C52500F83DFB /* OpenApis */,
				FB99916F2491C52D00F83DFB /* Internals */,
			);
			path = CreatesASearchControllerGivenSomeOptions;
			sourceTree = "<group>";
		};
		FB99916E2491C52500F83DFB /* OpenApis */ = {
			isa = PBXGroup;
			children = (
				FB9991712491C54D00F83DFB /* SearchControllerFactoryOptions.swift */,
			);
			path = OpenApis;
			sourceTree = "<group>";
		};
		FB99916F2491C52D00F83DFB /* Internals */ = {
			isa = PBXGroup;
			children = (
				FB9991732491C56800F83DFB /* SearchControllerFactory.swift */,
			);
			path = Internals;
			sourceTree = "<group>";
		};
		FB9991752491C6F000F83DFB /* CreatesViewControllerWithAGivenSearchController */ = {
			isa = PBXGroup;
			children = (
				FB9991762491C70E00F83DFB /* OpenApis */,
				FB9991772491C71300F83DFB /* Internals */,
			);
			path = CreatesViewControllerWithAGivenSearchController;
			sourceTree = "<group>";
		};
		FB9991762491C70E00F83DFB /* OpenApis */ = {
			isa = PBXGroup;
			children = (
				FB9991782491C7E400F83DFB /* ViewControllerWithSearchBarFactoryOptions.swift */,
			);
			path = OpenApis;
			sourceTree = "<group>";
		};
		FB9991772491C71300F83DFB /* Internals */ = {
			isa = PBXGroup;
			children = (
				FB22226524918F19007FF2E8 /* Search.storyboard */,
				FB22226324918F18007FF2E8 /* SearchBarEmbededViewController.swift */,
				FB99917A2491C99400F83DFB /* ViewControllerWithSearchFactory.swift */,
				FB9991882491CED000F83DFB /* SearchBarEmbededViewController+SearcherTermDelegate.swift */,
			);
			path = Internals;
			sourceTree = "<group>";
		};
		FB99917F2491CD0900F83DFB /* OpenApis */ = {
			isa = PBXGroup;
			children = (
			);
			path = OpenApis;
			sourceTree = "<group>";
		};
		FB9991832491CD5C00F83DFB /* ManagesAObservableListOfProductsImplementsItemHolder */ = {
			isa = PBXGroup;
			children = (
				FB99917F2491CD0900F83DFB /* OpenApis */,
				FB9991842491CD6B00F83DFB /* Internals */,
			);
			path = ManagesAObservableListOfProductsImplementsItemHolder;
			sourceTree = "<group>";
		};
		FB9991842491CD6B00F83DFB /* Internals */ = {
			isa = PBXGroup;
			children = (
				FB9991852491CD7700F83DFB /* ProductManager.swift */,
				FB9E6F31249407A600996BEA /* ProductManager+ListOfProductsPrensenterModelProtocol.swift */,
			);
			path = Internals;
			sourceTree = "<group>";
		};
		FB9991872491CE7B00F83DFB /* ImplementsItemSearcherServiceGivenAGetProductsUrlMaker */ = {
			isa = PBXGroup;
			children = (
				FB99918A2491D02E00F83DFB /* OpenApis */,
				FB99918B2491D03300F83DFB /* Internals */,
			);
			path = ImplementsItemSearcherServiceGivenAGetProductsUrlMaker;
			sourceTree = "<group>";
		};
		FB99918A2491D02E00F83DFB /* OpenApis */ = {
			isa = PBXGroup;
			children = (
				FBDCB90A2491DAC000A9B85B /* WebServiceErrors.swift */,
				FB99918E2491D0EE00F83DFB /* GetProductsUrlMaker.swift */,
				FB9991982491D50300F83DFB /* SearchItemsFromNetworkGivenASearchTermDelegate.swift */,
			);
			path = OpenApis;
			sourceTree = "<group>";
		};
		FB99918B2491D03300F83DFB /* Internals */ = {
			isa = PBXGroup;
			children = (
				FB99918C2491D05A00F83DFB /* SearchItemsGivenAUrl.swift */,
				FB9E6F452494420400996BEA /* SearchItemsGivenAUrl+SearcherTermDelegate.swift */,
			);
			path = Internals;
			sourceTree = "<group>";
		};
		FB9991912491D40400F83DFB /* ParsersAnyObjectToJsonIfDecodable */ = {
			isa = PBXGroup;
			children = (
				FB9991942491D40400F83DFB /* OpenApis */,
				FB9991922491D40400F83DFB /* Internals */,
			);
			path = ParsersAnyObjectToJsonIfDecodable;
			sourceTree = "<group>";
		};
		FB9991922491D40400F83DFB /* Internals */ = {
			isa = PBXGroup;
			children = (
				FB9991932491D40400F83DFB /* JsonParser.swift */,
			);
			path = Internals;
			sourceTree = "<group>";
		};
		FB9991942491D40400F83DFB /* OpenApis */ = {
			isa = PBXGroup;
			children = (
				FB9991952491D40400F83DFB /* ParserProtocol.swift */,
			);
			path = OpenApis;
			sourceTree = "<group>";
		};
		FB9E6F272493F4C400996BEA /* ProvidesATableViewSearchScreenForVisibleProducts */ = {
			isa = PBXGroup;
			children = (
				FB9E6F282493F50D00996BEA /* Internals */,
			);
			path = ProvidesATableViewSearchScreenForVisibleProducts;
			sourceTree = "<group>";
		};
		FB9E6F282493F50D00996BEA /* Internals */ = {
			isa = PBXGroup;
			children = (
				FB9E6F2B2493F5C300996BEA /* PresentableProductsTableViewController.swift */,
				FB9E6F33249411D300996BEA /* PresentableProductsTableViewController+SearchingTrafficDelegate.swift */,
				FB30C3AA24954858006732BB /* PresentableProductsTableViewController+SearchItemsFromNetworkGivenASearchTermDelegate.swift */,
			);
			path = Internals;
			sourceTree = "<group>";
		};
		FB9E6F292493F52B00996BEA /* ProvidesTableViewCellWithAnImageAndATitleLabel */ = {
			isa = PBXGroup;
			children = (
				FB9E6F2A2493F56600996BEA /* Internals */,
			);
			path = ProvidesTableViewCellWithAnImageAndATitleLabel;
			sourceTree = "<group>";
		};
		FB9E6F2A2493F56600996BEA /* Internals */ = {
			isa = PBXGroup;
			children = (
				FB9E6F3524941DD500996BEA /* ImageViewWithTitleTableViewCell.xib */,
				FB9E6F3824941E2300996BEA /* ImageViewWithTitleTableViewCell.swift */,
			);
			path = Internals;
			sourceTree = "<group>";
		};
		FB9E6F3A24942D4A00996BEA /* BroadCastsDelegateSearchTermMessageToSearcherTermDelegates */ = {
			isa = PBXGroup;
			children = (
				FB9E6F3B24942D7300996BEA /* OpenApis */,
				FB9E6F3C24942D7C00996BEA /* Internals */,
			);
			path = BroadCastsDelegateSearchTermMessageToSearcherTermDelegates;
			sourceTree = "<group>";
		};
		FB9E6F3B24942D7300996BEA /* OpenApis */ = {
			isa = PBXGroup;
			children = (
				FB9E6F3F24942D9B00996BEA /* SearcherTermMediator.swift */,
			);
			path = OpenApis;
			sourceTree = "<group>";
		};
		FB9E6F3C24942D7C00996BEA /* Internals */ = {
			isa = PBXGroup;
			children = (
				FB9E6F3D24942D9300996BEA /* SearcherTermMediator+Extension.swift */,
				FB9E6F4124942DD600996BEA /* BroadcastSearcherTermDelegateMessages.swift */,
			);
			path = Internals;
			sourceTree = "<group>";
		};
		FBDCB9152491DE9100A9B85B /* CreatesMercadoLibreUrlsToImplementGetProductsUrlMaker */ = {
			isa = PBXGroup;
			children = (
				FBDCB91A2491E2C400A9B85B /* OpenApis */,
				FBDCB9162491DEAD00A9B85B /* Internals */,
			);
			path = CreatesMercadoLibreUrlsToImplementGetProductsUrlMaker;
			sourceTree = "<group>";
		};
		FBDCB9162491DEAD00A9B85B /* Internals */ = {
			isa = PBXGroup;
			children = (
				FBDCB9172491DED700A9B85B /* MercadoLibreURLFactory.swift */,
			);
			path = Internals;
			sourceTree = "<group>";
		};
		FBDCB9192491DF0E00A9B85B /* RepresentsAMercadoLibreListingProduct */ = {
			isa = PBXGroup;
			children = (
				FBDCB9202491E3DD00A9B85B /* OpenApis */,
				FBDCB91F2491E3D100A9B85B /* Internals */,
			);
			path = RepresentsAMercadoLibreListingProduct;
			sourceTree = "<group>";
		};
		FBDCB91A2491E2C400A9B85B /* OpenApis */ = {
			isa = PBXGroup;
			children = (
				FBDCB91B2491E2D200A9B85B /* MercadoLibreUrlError.swift */,
			);
			path = OpenApis;
			sourceTree = "<group>";
		};
		FBDCB91F2491E3D100A9B85B /* Internals */ = {
			isa = PBXGroup;
			children = (
				FBDCB91D2491E3CE00A9B85B /* MercadoLibreListingProduct.swift */,
				FBDCB92124926CF400A9B85B /* MercadoLibreListingProduct+Decodable.swift */,
				FBDCB92324926E4300A9B85B /* MercadoLibreListingProduct+ProductProtocol.swift */,
			);
			path = Internals;
			sourceTree = "<group>";
		};
		FBDCB9202491E3DD00A9B85B /* OpenApis */ = {
			isa = PBXGroup;
			children = (
			);
			path = OpenApis;
			sourceTree = "<group>";
		};
		FBDCB92524927A5A00A9B85B /* ParsesDataFromMercadoLibreServiceToAnArrayOfMercadoLibreListingProduct */ = {
			isa = PBXGroup;
			children = (
				FBDCB92624927AEC00A9B85B /* Internals */,
			);
			path = ParsesDataFromMercadoLibreServiceToAnArrayOfMercadoLibreListingProduct;
			sourceTree = "<group>";
		};
		FBDCB92624927AEC00A9B85B /* Internals */ = {
			isa = PBXGroup;
			children = (
				FBDCB92724927ED300A9B85B /* MercadolibreGetParser.swift */,
				FBDCB92924927FB800A9B85B /* MercadoLibreGetServiceModel.swift */,
				FBDCB92B2492800200A9B85B /* MercadoLibreGetServiceModel+Decodable.swift */,
			);
			path = Internals;
			sourceTree = "<group>";
		};
		FBE5C2052493DF0700525C8E /* ProvidesADownSampleGivenAUrlImage */ = {
			isa = PBXGroup;
			children = (
				FBE5C2062493DF0700525C8E /* Internals */,
			);
			path = ProvidesADownSampleGivenAUrlImage;
			sourceTree = "<group>";
		};
		FBE5C2062493DF0700525C8E /* Internals */ = {
			isa = PBXGroup;
			children = (
				FBE5C2072493DF0700525C8E /* DownSampler.swift */,
			);
			path = Internals;
			sourceTree = "<group>";
		};
		FBE5C2092493EEAA00525C8E /* ProvidesObserversAndObservableProtocols */ = {
			isa = PBXGroup;
			children = (
				FBE5C20A2493EEB200525C8E /* OpenApis */,
				FBE5C20B2493EEB800525C8E /* Internals */,
			);
			path = ProvidesObserversAndObservableProtocols;
			sourceTree = "<group>";
		};
		FBE5C20A2493EEB200525C8E /* OpenApis */ = {
			isa = PBXGroup;
			children = (
				FBE5C20C2493EECD00525C8E /* ObserverProtocol.swift */,
				FBE5C20E2493EEED00525C8E /* ObservableProtocol.swift */,
			);
			path = OpenApis;
			sourceTree = "<group>";
		};
		FBE5C20B2493EEB800525C8E /* Internals */ = {
			isa = PBXGroup;
			children = (
			);
			path = Internals;
			sourceTree = "<group>";
		};
		FBF58A512492AFFE00B0073A /* PresentsAListOfPresentableProducts */ = {
			isa = PBXGroup;
			children = (
				FBF58A522492B01100B0073A /* OpenApis */,
				FBF58A532492B01600B0073A /* Internals */,
			);
			path = PresentsAListOfPresentableProducts;
			sourceTree = "<group>";
		};
		FBF58A522492B01100B0073A /* OpenApis */ = {
			isa = PBXGroup;
			children = (
				FB99917D2491CCF600F83DFB /* ProductProtocol.swift */,
				FBE5C2102493EF1D00525C8E /* ViewDataProductProtocol.swift */,
				FBE5C2122493EF2D00525C8E /* ListsOfViewDataProducts.swift */,
				FBE5C2162493EF5A00525C8E /* ListOfProductsPrensenterModelProtocol.swift */,
				FBE5C2182493EF6C00525C8E /* ListOfProductsPrensenterProtocol.swift */,
			);
			path = OpenApis;
			sourceTree = "<group>";
		};
		FBF58A532492B01600B0073A /* Internals */ = {
			isa = PBXGroup;
			children = (
				FBF58A542492B07B00B0073A /* ProductListPresenter.swift */,
				FBE5C2142493EF4800525C8E /* ProductCellViewData.swift */,
				FBE5C21A2493EFBD00525C8E /* ListOfProductsPrensenter+IObserver.swift */,
			);
			path = Internals;
			sourceTree = "<group>";
		};
/* End PBXGroup section */

/* Begin PBXNativeTarget section */
		FB22225B24918F18007FF2E8 /* MercadoLibreListing */ = {
			isa = PBXNativeTarget;
			buildConfigurationList = FB22227B24918F22007FF2E8 /* Build configuration list for PBXNativeTarget "MercadoLibreListing" */;
			buildPhases = (
				FB22225824918F18007FF2E8 /* Sources */,
				FB22225924918F18007FF2E8 /* Frameworks */,
				FB22225A24918F18007FF2E8 /* Resources */,
			);
			buildRules = (
			);
			dependencies = (
			);
			name = MercadoLibreListing;
			productName = MercadoLibreListing;
			productReference = FB22225C24918F18007FF2E8 /* MercadoLibreListing.app */;
			productType = "com.apple.product-type.application";
		};
		FB22227124918F22007FF2E8 /* MercadoLibreListingTests */ = {
			isa = PBXNativeTarget;
			buildConfigurationList = FB22227E24918F22007FF2E8 /* Build configuration list for PBXNativeTarget "MercadoLibreListingTests" */;
			buildPhases = (
				FB22226E24918F22007FF2E8 /* Sources */,
				FB22226F24918F22007FF2E8 /* Frameworks */,
				FB22227024918F22007FF2E8 /* Resources */,
			);
			buildRules = (
			);
			dependencies = (
				FB22227424918F22007FF2E8 /* PBXTargetDependency */,
			);
			name = MercadoLibreListingTests;
			productName = MercadoLibreListingTests;
			productReference = FB22227224918F22007FF2E8 /* MercadoLibreListingTests.xctest */;
			productType = "com.apple.product-type.bundle.unit-test";
		};
/* End PBXNativeTarget section */

/* Begin PBXProject section */
		FB22225424918F18007FF2E8 /* Project object */ = {
			isa = PBXProject;
			attributes = {
				LastSwiftUpdateCheck = 1140;
				LastUpgradeCheck = 1140;
				ORGANIZATIONNAME = dansTeam;
				TargetAttributes = {
					FB22225B24918F18007FF2E8 = {
						CreatedOnToolsVersion = 11.4.1;
					};
					FB22227124918F22007FF2E8 = {
						CreatedOnToolsVersion = 11.4.1;
						LastSwiftMigration = 1140;
						TestTargetID = FB22225B24918F18007FF2E8;
					};
				};
			};
			buildConfigurationList = FB22225724918F18007FF2E8 /* Build configuration list for PBXProject "MercadoLibreListing" */;
			compatibilityVersion = "Xcode 9.3";
			developmentRegion = en;
			hasScannedForEncodings = 0;
			knownRegions = (
				en,
				Base,
			);
			mainGroup = FB22225324918F18007FF2E8;
			productRefGroup = FB22225D24918F18007FF2E8 /* Products */;
			projectDirPath = "";
			projectRoot = "";
			targets = (
				FB22225B24918F18007FF2E8 /* MercadoLibreListing */,
				FB22227124918F22007FF2E8 /* MercadoLibreListingTests */,
			);
		};
/* End PBXProject section */

/* Begin PBXResourcesBuildPhase section */
		FB22225A24918F18007FF2E8 /* Resources */ = {
			isa = PBXResourcesBuildPhase;
			buildActionMask = 2147483647;
			files = (
				FB88B7182495B82400C63E9E /* EmptyMessage.xib in Resources */,
				FB6FE99E2497F73800B7C986 /* DetailScreen.storyboard in Resources */,
				FB9E6F3724941DD500996BEA /* ImageViewWithTitleTableViewCell.xib in Resources */,
				FB22226C24918F22007FF2E8 /* LaunchScreen.storyboard in Resources */,
				FB22226924918F22007FF2E8 /* Assets.xcassets in Resources */,
				FB22226724918F19007FF2E8 /* Search.storyboard in Resources */,
			);
			runOnlyForDeploymentPostprocessing = 0;
		};
		FB22227024918F22007FF2E8 /* Resources */ = {
			isa = PBXResourcesBuildPhase;
			buildActionMask = 2147483647;
			files = (
			);
			runOnlyForDeploymentPostprocessing = 0;
		};
/* End PBXResourcesBuildPhase section */

/* Begin PBXSourcesBuildPhase section */
		FB22225824918F18007FF2E8 /* Sources */ = {
			isa = PBXSourcesBuildPhase;
			buildActionMask = 2147483647;
			files = (
				FBDCB92C2492800200A9B85B /* MercadoLibreGetServiceModel+Decodable.swift in Sources */,
				FB99918F2491D0EE00F83DFB /* GetProductsUrlMaker.swift in Sources */,
				FB9991892491CED000F83DFB /* SearchBarEmbededViewController+SearcherTermDelegate.swift in Sources */,
				FBE5C21B2493EFBD00525C8E /* ListOfProductsPrensenter+IObserver.swift in Sources */,
				FB99918D2491D05A00F83DFB /* SearchItemsGivenAUrl.swift in Sources */,
				FB9991672491AF0E00F83DFB /* SearcherTermDelegate.swift in Sources */,
				FBE5C2172493EF5A00525C8E /* ListOfProductsPrensenterModelProtocol.swift in Sources */,
				FBDCB91C2491E2D200A9B85B /* MercadoLibreUrlError.swift in Sources */,
				FB9991792491C7E400F83DFB /* ViewControllerWithSearchBarFactoryOptions.swift in Sources */,
				FB9991992491D50300F83DFB /* SearchItemsFromNetworkGivenASearchTermDelegate.swift in Sources */,
				FB88B71A2495B88200C63E9E /* EmptyMessage.swift in Sources */,
				FB9991962491D40500F83DFB /* JsonParser.swift in Sources */,
				FB9E6F34249411D300996BEA /* PresentableProductsTableViewController+SearchingTrafficDelegate.swift in Sources */,
				FB93DEB72496F0910026D32E /* SelectableProtocol.swift in Sources */,
				FB99917E2491CCF600F83DFB /* ProductProtocol.swift in Sources */,
				FBE5C2152493EF4800525C8E /* ProductCellViewData.swift in Sources */,
				FBF58A552492B07B00B0073A /* ProductListPresenter.swift in Sources */,
				FBE5C20D2493EECD00525C8E /* ObserverProtocol.swift in Sources */,
				FB9E6F2C2493F5C300996BEA /* PresentableProductsTableViewController.swift in Sources */,
				FB88B7132495B60F00C63E9E /* SearchingTrafficDelegate.swift in Sources */,
				FB9E6F4224942DD600996BEA /* BroadcastSearcherTermDelegateMessages.swift in Sources */,
				FBDCB92424926E4300A9B85B /* MercadoLibreListingProduct+ProductProtocol.swift in Sources */,
				FB2222842491918A007FF2E8 /* SearchTask.swift in Sources */,
				FB99917B2491C99400F83DFB /* ViewControllerWithSearchFactory.swift in Sources */,
				FBDCB91E2491E3CE00A9B85B /* MercadoLibreListingProduct.swift in Sources */,
				FBE5C2132493EF2D00525C8E /* ListsOfViewDataProducts.swift in Sources */,
				FB9991602491ACB100F83DFB /* ItemSearcherService.swift in Sources */,
				FB30C3AB24954858006732BB /* PresentableProductsTableViewController+SearchItemsFromNetworkGivenASearchTermDelegate.swift in Sources */,
				FB9E6F32249407A600996BEA /* ProductManager+ListOfProductsPrensenterModelProtocol.swift in Sources */,
				FB9991972491D40500F83DFB /* ParserProtocol.swift in Sources */,
				FB6FE99C2497F6C600B7C986 /* DetailScreenViewController.swift in Sources */,
				FB93DEB32496F06B0026D32E /* GoToItemProtocol.swift in Sources */,
				FBDCB92824927ED300A9B85B /* MercadolibreGetParser.swift in Sources */,
				FB9E6F462494420400996BEA /* SearchItemsGivenAUrl+SearcherTermDelegate.swift in Sources */,
				FBDCB92224926CF400A9B85B /* MercadoLibreListingProduct+Decodable.swift in Sources */,
				FBE5C2112493EF1D00525C8E /* ViewDataProductProtocol.swift in Sources */,
				FB9991652491AEFA00F83DFB /* ItemHolderProtocol.swift in Sources */,
				FB88B7162495B67100C63E9E /* NetworkSearchingTraffic.swift in Sources */,
				FB99916C2491C3FB00F83DFB /* SearchBarResultsUpdating.swift in Sources */,
				FB99915E2491AC5E00F83DFB /* SearcherProtocol.swift in Sources */,
				FB9E6F4024942D9B00996BEA /* SearcherTermMediator.swift in Sources */,
				FB88B70B2495B58700C63E9E /* ThrotleSearch.swift in Sources */,
				FB88B70E2495B5D200C63E9E /* NetworkSearchingTrafficDelegate.swift in Sources */,
				FB9E6F3E24942D9300996BEA /* SearcherTermMediator+Extension.swift in Sources */,
				FB9991742491C56800F83DFB /* SearchControllerFactory.swift in Sources */,
				FB93DEB62496F0910026D32E /* GetSelectableObjectProtocol.swift in Sources */,
				FBE5C20F2493EEED00525C8E /* ObservableProtocol.swift in Sources */,
				FB9991862491CD7700F83DFB /* ProductManager.swift in Sources */,
				FBE5C2192493EF6C00525C8E /* ListOfProductsPrensenterProtocol.swift in Sources */,
				FB9991692491AF1D00F83DFB /* SearcherTermError.swift in Sources */,
				FBDCB92A24927FB800A9B85B /* MercadoLibreGetServiceModel.swift in Sources */,
				FB93DEB22496F06B0026D32E /* GoToDetail.swift in Sources */,
				FB22226424918F18007FF2E8 /* SearchBarEmbededViewController.swift in Sources */,
				FBE5C2082493DF0800525C8E /* DownSampler.swift in Sources */,
				FB9991722491C54D00F83DFB /* SearchControllerFactoryOptions.swift in Sources */,
				FBDCB9182491DED700A9B85B /* MercadoLibreURLFactory.swift in Sources */,
				FBDCB90B2491DAC000A9B85B /* WebServiceErrors.swift in Sources */,
				FB9E6F3924941E2300996BEA /* ImageViewWithTitleTableViewCell.swift in Sources */,
				FB22226024918F18007FF2E8 /* AppDelegate.swift in Sources */,
				FB22226224918F18007FF2E8 /* SceneDelegate.swift in Sources */,
			);
			runOnlyForDeploymentPostprocessing = 0;
		};
		FB22226E24918F22007FF2E8 /* Sources */ = {
			isa = PBXSourcesBuildPhase;
			buildActionMask = 2147483647;
			files = (
				FB22228224919099007FF2E8 /* TextSearcherTests.swift in Sources */,
				FB93DEAC2496F03D0026D32E /* RouterTests.swift in Sources */,
				FBF58A502492AF0300B0073A /* ItemsPresenterTests.swift in Sources */,
			);
			runOnlyForDeploymentPostprocessing = 0;
		};
/* End PBXSourcesBuildPhase section */

/* Begin PBXTargetDependency section */
		FB22227424918F22007FF2E8 /* PBXTargetDependency */ = {
			isa = PBXTargetDependency;
			target = FB22225B24918F18007FF2E8 /* MercadoLibreListing */;
			targetProxy = FB22227324918F22007FF2E8 /* PBXContainerItemProxy */;
		};
/* End PBXTargetDependency section */

/* Begin PBXVariantGroup section */
		FB22226524918F19007FF2E8 /* Search.storyboard */ = {
			isa = PBXVariantGroup;
			children = (
				FB22226624918F19007FF2E8 /* Base */,
			);
			name = Search.storyboard;
			sourceTree = "<group>";
		};
		FB22226A24918F22007FF2E8 /* LaunchScreen.storyboard */ = {
			isa = PBXVariantGroup;
			children = (
				FB22226B24918F22007FF2E8 /* Base */,
			);
			name = LaunchScreen.storyboard;
			sourceTree = "<group>";
		};
		FB9E6F3524941DD500996BEA /* ImageViewWithTitleTableViewCell.xib */ = {
			isa = PBXVariantGroup;
			children = (
				FB9E6F3624941DD500996BEA /* Base */,
			);
			name = ImageViewWithTitleTableViewCell.xib;
			sourceTree = "<group>";
		};
/* End PBXVariantGroup section */

/* Begin XCBuildConfiguration section */
		FB22227924918F22007FF2E8 /* Debug */ = {
			isa = XCBuildConfiguration;
			buildSettings = {
				ALWAYS_SEARCH_USER_PATHS = NO;
				CLANG_ANALYZER_NONNULL = YES;
				CLANG_ANALYZER_NUMBER_OBJECT_CONVERSION = YES_AGGRESSIVE;
				CLANG_CXX_LANGUAGE_STANDARD = "gnu++14";
				CLANG_CXX_LIBRARY = "libc++";
				CLANG_ENABLE_MODULES = YES;
				CLANG_ENABLE_OBJC_ARC = YES;
				CLANG_ENABLE_OBJC_WEAK = YES;
				CLANG_WARN_BLOCK_CAPTURE_AUTORELEASING = YES;
				CLANG_WARN_BOOL_CONVERSION = YES;
				CLANG_WARN_COMMA = YES;
				CLANG_WARN_CONSTANT_CONVERSION = YES;
				CLANG_WARN_DEPRECATED_OBJC_IMPLEMENTATIONS = YES;
				CLANG_WARN_DIRECT_OBJC_ISA_USAGE = YES_ERROR;
				CLANG_WARN_DOCUMENTATION_COMMENTS = YES;
				CLANG_WARN_EMPTY_BODY = YES;
				CLANG_WARN_ENUM_CONVERSION = YES;
				CLANG_WARN_INFINITE_RECURSION = YES;
				CLANG_WARN_INT_CONVERSION = YES;
				CLANG_WARN_NON_LITERAL_NULL_CONVERSION = YES;
				CLANG_WARN_OBJC_IMPLICIT_RETAIN_SELF = YES;
				CLANG_WARN_OBJC_LITERAL_CONVERSION = YES;
				CLANG_WARN_OBJC_ROOT_CLASS = YES_ERROR;
				CLANG_WARN_RANGE_LOOP_ANALYSIS = YES;
				CLANG_WARN_STRICT_PROTOTYPES = YES;
				CLANG_WARN_SUSPICIOUS_MOVE = YES;
				CLANG_WARN_UNGUARDED_AVAILABILITY = YES_AGGRESSIVE;
				CLANG_WARN_UNREACHABLE_CODE = YES;
				CLANG_WARN__DUPLICATE_METHOD_MATCH = YES;
				COPY_PHASE_STRIP = NO;
				DEBUG_INFORMATION_FORMAT = dwarf;
				ENABLE_STRICT_OBJC_MSGSEND = YES;
				ENABLE_TESTABILITY = YES;
				GCC_C_LANGUAGE_STANDARD = gnu11;
				GCC_DYNAMIC_NO_PIC = NO;
				GCC_NO_COMMON_BLOCKS = YES;
				GCC_OPTIMIZATION_LEVEL = 0;
				GCC_PREPROCESSOR_DEFINITIONS = (
					"DEBUG=1",
					"$(inherited)",
				);
				GCC_WARN_64_TO_32_BIT_CONVERSION = YES;
				GCC_WARN_ABOUT_RETURN_TYPE = YES_ERROR;
				GCC_WARN_UNDECLARED_SELECTOR = YES;
				GCC_WARN_UNINITIALIZED_AUTOS = YES_AGGRESSIVE;
				GCC_WARN_UNUSED_FUNCTION = YES;
				GCC_WARN_UNUSED_VARIABLE = YES;
				IPHONEOS_DEPLOYMENT_TARGET = 13.4;
				MTL_ENABLE_DEBUG_INFO = INCLUDE_SOURCE;
				MTL_FAST_MATH = YES;
				ONLY_ACTIVE_ARCH = YES;
				SDKROOT = iphoneos;
				SWIFT_ACTIVE_COMPILATION_CONDITIONS = DEBUG;
				SWIFT_OPTIMIZATION_LEVEL = "-Onone";
			};
			name = Debug;
		};
		FB22227A24918F22007FF2E8 /* Release */ = {
			isa = XCBuildConfiguration;
			buildSettings = {
				ALWAYS_SEARCH_USER_PATHS = NO;
				CLANG_ANALYZER_NONNULL = YES;
				CLANG_ANALYZER_NUMBER_OBJECT_CONVERSION = YES_AGGRESSIVE;
				CLANG_CXX_LANGUAGE_STANDARD = "gnu++14";
				CLANG_CXX_LIBRARY = "libc++";
				CLANG_ENABLE_MODULES = YES;
				CLANG_ENABLE_OBJC_ARC = YES;
				CLANG_ENABLE_OBJC_WEAK = YES;
				CLANG_WARN_BLOCK_CAPTURE_AUTORELEASING = YES;
				CLANG_WARN_BOOL_CONVERSION = YES;
				CLANG_WARN_COMMA = YES;
				CLANG_WARN_CONSTANT_CONVERSION = YES;
				CLANG_WARN_DEPRECATED_OBJC_IMPLEMENTATIONS = YES;
				CLANG_WARN_DIRECT_OBJC_ISA_USAGE = YES_ERROR;
				CLANG_WARN_DOCUMENTATION_COMMENTS = YES;
				CLANG_WARN_EMPTY_BODY = YES;
				CLANG_WARN_ENUM_CONVERSION = YES;
				CLANG_WARN_INFINITE_RECURSION = YES;
				CLANG_WARN_INT_CONVERSION = YES;
				CLANG_WARN_NON_LITERAL_NULL_CONVERSION = YES;
				CLANG_WARN_OBJC_IMPLICIT_RETAIN_SELF = YES;
				CLANG_WARN_OBJC_LITERAL_CONVERSION = YES;
				CLANG_WARN_OBJC_ROOT_CLASS = YES_ERROR;
				CLANG_WARN_RANGE_LOOP_ANALYSIS = YES;
				CLANG_WARN_STRICT_PROTOTYPES = YES;
				CLANG_WARN_SUSPICIOUS_MOVE = YES;
				CLANG_WARN_UNGUARDED_AVAILABILITY = YES_AGGRESSIVE;
				CLANG_WARN_UNREACHABLE_CODE = YES;
				CLANG_WARN__DUPLICATE_METHOD_MATCH = YES;
				COPY_PHASE_STRIP = NO;
				DEBUG_INFORMATION_FORMAT = "dwarf-with-dsym";
				ENABLE_NS_ASSERTIONS = NO;
				ENABLE_STRICT_OBJC_MSGSEND = YES;
				GCC_C_LANGUAGE_STANDARD = gnu11;
				GCC_NO_COMMON_BLOCKS = YES;
				GCC_WARN_64_TO_32_BIT_CONVERSION = YES;
				GCC_WARN_ABOUT_RETURN_TYPE = YES_ERROR;
				GCC_WARN_UNDECLARED_SELECTOR = YES;
				GCC_WARN_UNINITIALIZED_AUTOS = YES_AGGRESSIVE;
				GCC_WARN_UNUSED_FUNCTION = YES;
				GCC_WARN_UNUSED_VARIABLE = YES;
				IPHONEOS_DEPLOYMENT_TARGET = 13.4;
				MTL_ENABLE_DEBUG_INFO = NO;
				MTL_FAST_MATH = YES;
				SDKROOT = iphoneos;
				SWIFT_COMPILATION_MODE = wholemodule;
				SWIFT_OPTIMIZATION_LEVEL = "-O";
				VALIDATE_PRODUCT = YES;
			};
			name = Release;
		};
		FB22227C24918F22007FF2E8 /* Debug */ = {
			isa = XCBuildConfiguration;
			buildSettings = {
				ASSETCATALOG_COMPILER_APPICON_NAME = AppIcon;
				CODE_SIGN_STYLE = Automatic;
				DEVELOPMENT_TEAM = AEWQUX8MPM;
				INFOPLIST_FILE = MercadoLibreListing/Info.plist;
				LD_RUNPATH_SEARCH_PATHS = (
					"$(inherited)",
					"@executable_path/Frameworks",
				);
				PRODUCT_BUNDLE_IDENTIFIER = com.dansTeam.MercadoLibreListing;
				PRODUCT_NAME = "$(TARGET_NAME)";
				SWIFT_VERSION = 5.0;
				TARGETED_DEVICE_FAMILY = "1,2";
			};
			name = Debug;
		};
		FB22227D24918F22007FF2E8 /* Release */ = {
			isa = XCBuildConfiguration;
			buildSettings = {
				ASSETCATALOG_COMPILER_APPICON_NAME = AppIcon;
				CODE_SIGN_STYLE = Automatic;
				DEVELOPMENT_TEAM = AEWQUX8MPM;
				INFOPLIST_FILE = MercadoLibreListing/Info.plist;
				LD_RUNPATH_SEARCH_PATHS = (
					"$(inherited)",
					"@executable_path/Frameworks",
				);
				PRODUCT_BUNDLE_IDENTIFIER = com.dansTeam.MercadoLibreListing;
				PRODUCT_NAME = "$(TARGET_NAME)";
				SWIFT_VERSION = 5.0;
				TARGETED_DEVICE_FAMILY = "1,2";
			};
			name = Release;
		};
		FB22227F24918F22007FF2E8 /* Debug */ = {
			isa = XCBuildConfiguration;
			buildSettings = {
				ALWAYS_EMBED_SWIFT_STANDARD_LIBRARIES = YES;
				BUNDLE_LOADER = "$(TEST_HOST)";
				CLANG_ENABLE_MODULES = YES;
				CODE_SIGN_STYLE = Automatic;
				DEVELOPMENT_TEAM = AEWQUX8MPM;
				INFOPLIST_FILE = MercadoLibreListingTests/Info.plist;
				IPHONEOS_DEPLOYMENT_TARGET = 13.4;
				LD_RUNPATH_SEARCH_PATHS = (
					"$(inherited)",
					"@executable_path/Frameworks",
					"@loader_path/Frameworks",
				);
				PRODUCT_BUNDLE_IDENTIFIER = com.dansTeam.MercadoLibreListingTests;
				PRODUCT_NAME = "$(TARGET_NAME)";
				SWIFT_OPTIMIZATION_LEVEL = "-Onone";
				SWIFT_VERSION = 5.0;
				TARGETED_DEVICE_FAMILY = "1,2";
				TEST_HOST = "$(BUILT_PRODUCTS_DIR)/MercadoLibreListing.app/MercadoLibreListing";
			};
			name = Debug;
		};
		FB22228024918F22007FF2E8 /* Release */ = {
			isa = XCBuildConfiguration;
			buildSettings = {
				ALWAYS_EMBED_SWIFT_STANDARD_LIBRARIES = YES;
				BUNDLE_LOADER = "$(TEST_HOST)";
				CLANG_ENABLE_MODULES = YES;
				CODE_SIGN_STYLE = Automatic;
				DEVELOPMENT_TEAM = AEWQUX8MPM;
				INFOPLIST_FILE = MercadoLibreListingTests/Info.plist;
				IPHONEOS_DEPLOYMENT_TARGET = 13.4;
				LD_RUNPATH_SEARCH_PATHS = (
					"$(inherited)",
					"@executable_path/Frameworks",
					"@loader_path/Frameworks",
				);
				PRODUCT_BUNDLE_IDENTIFIER = com.dansTeam.MercadoLibreListingTests;
				PRODUCT_NAME = "$(TARGET_NAME)";
				SWIFT_VERSION = 5.0;
				TARGETED_DEVICE_FAMILY = "1,2";
				TEST_HOST = "$(BUILT_PRODUCTS_DIR)/MercadoLibreListing.app/MercadoLibreListing";
			};
			name = Release;
		};
/* End XCBuildConfiguration section */

/* Begin XCConfigurationList section */
		FB22225724918F18007FF2E8 /* Build configuration list for PBXProject "MercadoLibreListing" */ = {
			isa = XCConfigurationList;
			buildConfigurations = (
				FB22227924918F22007FF2E8 /* Debug */,
				FB22227A24918F22007FF2E8 /* Release */,
			);
			defaultConfigurationIsVisible = 0;
			defaultConfigurationName = Release;
		};
		FB22227B24918F22007FF2E8 /* Build configuration list for PBXNativeTarget "MercadoLibreListing" */ = {
			isa = XCConfigurationList;
			buildConfigurations = (
				FB22227C24918F22007FF2E8 /* Debug */,
				FB22227D24918F22007FF2E8 /* Release */,
			);
			defaultConfigurationIsVisible = 0;
			defaultConfigurationName = Release;
		};
		FB22227E24918F22007FF2E8 /* Build configuration list for PBXNativeTarget "MercadoLibreListingTests" */ = {
			isa = XCConfigurationList;
			buildConfigurations = (
				FB22227F24918F22007FF2E8 /* Debug */,
				FB22228024918F22007FF2E8 /* Release */,
			);
			defaultConfigurationIsVisible = 0;
			defaultConfigurationName = Release;
		};
/* End XCConfigurationList section */
	};
	rootObject = FB22225424918F18007FF2E8 /* Project object */;
}
